
Microsoft Visual Studio Solution File, Format Version 12.00
# Visual Studio Version 16
VisualStudioVersion = 16.0.31424.327
MinimumVisualStudioVersion = 10.0.40219.1
Project("{FAE04EC0-301F-11D3-BF4B-00C04F79EFBC}") = "PERSReport", "PERSReport\PERSReport.csproj", "{116C16DD-7F02-4E97-A8FC-D3C0F8C1BB8A}"
EndProject
Project("{FAE04EC0-301F-11D3-BF4B-00C04F79EFBC}") = "GenericParsing", "GenericParsing\GenericParsing.csproj", "{6B3DE381-9569-4C79-B791-7BBD58C2D390}"
EndProject
Global
	GlobalSection(SolutionConfigurationPlatforms) = preSolution
		Debug|Any CPU = Debug|Any CPU
		Release|Any CPU = Release|Any CPU
	EndGlobalSection
	GlobalSection(ProjectConfigurationPlatforms) = postSolution
		{116C16DD-7F02-4E97-A8FC-D3C0F8C1BB8A}.Debug|Any CPU.ActiveCfg = Debug|Any CPU
		{116C16DD-7F02-4E97-A8FC-D3C0F8C1BB8A}.Debug|Any CPU.Build.0 = Debug|Any CPU
		{116C16DD-7F02-4E97-A8FC-D3C0F8C1BB8A}.Release|Any CPU.ActiveCfg = Release|Any CPU
		{116C16DD-7F02-4E97-A8FC-D3C0F8C1BB8A}.Release|Any CPU.Build.0 = Release|Any CPU
		{6B3DE381-9569-4C79-B791-7BBD58C2D390}.Debug|Any CPU.ActiveCfg = Debug|Any CPU
		{6B3DE381-9569-4C79-B791-7BBD58C2D390}.Debug|Any CPU.Build.0 = Debug|Any CPU
		{6B3DE381-9569-4C79-B791-7BBD58C2D390}.Release|Any CPU.ActiveCfg = Release|Any CPU
		{6B3DE381-9569-4C79-B791-7BBD58C2D390}.Release|Any CPU.Build.0 = Release|Any CPU
	EndGlobalSection
	GlobalSection(SolutionProperties) = preSolution
		HideSolutionNode = FALSE
	EndGlobalSection
	GlobalSection(ExtensibilityGlobals) = postSolution
		SolutionGuid = {36BC51C7-79D5-4936-BA3F-20C7D1AF7469}
	EndGlobalSection
EndGlobal
